// !$*UTF8*$!
{
	archiveVersion = 1;
	classes = {
	};
	objectVersion = 50;
	objects = {

/* Begin PBXBuildFile section */
		64E96B9A24B60B44002FE68B /* AppDelegate.swift in Sources */ = {isa = PBXBuildFile; fileRef = 64E96B9924B60B44002FE68B /* AppDelegate.swift */; };
		64E96B9C24B60B44002FE68B /* SceneDelegate.swift in Sources */ = {isa = PBXBuildFile; fileRef = 64E96B9B24B60B44002FE68B /* SceneDelegate.swift */; };
		64E96BA324B60B45002FE68B /* Assets.xcassets in Resources */ = {isa = PBXBuildFile; fileRef = 64E96BA224B60B45002FE68B /* Assets.xcassets */; };
		64E96BA624B60B45002FE68B /* LaunchScreen.storyboard in Resources */ = {isa = PBXBuildFile; fileRef = 64E96BA424B60B45002FE68B /* LaunchScreen.storyboard */; };
		64E96BB524B61876002FE68B /* Calcu.swift in Sources */ = {isa = PBXBuildFile; fileRef = 64E96BB424B61876002FE68B /* Calcu.swift */; };
		64E96BC424B62E0D002FE68B /* ViewController.swift in Sources */ = {isa = PBXBuildFile; fileRef = 64E96BC324B62E0D002FE68B /* ViewController.swift */; };
		64E96BC624B62E46002FE68B /* Main.storyboard in Resources */ = {isa = PBXBuildFile; fileRef = 64E96BC524B62E46002FE68B /* Main.storyboard */; };
/* End PBXBuildFile section */

/* Begin PBXFileReference section */
		64E96B9624B60B44002FE68B /* Calcu_Alex.app */ = {isa = PBXFileReference; explicitFileType = wrapper.application; includeInIndex = 0; path = Calcu_Alex.app; sourceTree = BUILT_PRODUCTS_DIR; };
		64E96B9924B60B44002FE68B /* AppDelegate.swift */ = {isa = PBXFileReference; lastKnownFileType = sourcecode.swift; path = AppDelegate.swift; sourceTree = "<group>"; };
		64E96B9B24B60B44002FE68B /* SceneDelegate.swift */ = {isa = PBXFileReference; lastKnownFileType = sourcecode.swift; path = SceneDelegate.swift; sourceTree = "<group>"; };
		64E96BA224B60B45002FE68B /* Assets.xcassets */ = {isa = PBXFileReference; lastKnownFileType = folder.assetcatalog; path = Assets.xcassets; sourceTree = "<group>"; };
		64E96BA524B60B45002FE68B /* Base */ = {isa = PBXFileReference; lastKnownFileType = file.storyboard; name = Base; path = Base.lproj/LaunchScreen.storyboard; sourceTree = "<group>"; };
		64E96BA724B60B45002FE68B /* Info.plist */ = {isa = PBXFileReference; lastKnownFileType = text.plist.xml; path = Info.plist; sourceTree = "<group>"; };
		64E96BB424B61876002FE68B /* Calcu.swift */ = {isa = PBXFileReference; lastKnownFileType = sourcecode.swift; path = Calcu.swift; sourceTree = "<group>"; };
		64E96BC324B62E0D002FE68B /* ViewController.swift */ = {isa = PBXFileReference; fileEncoding = 4; lastKnownFileType = sourcecode.swift; path = ViewController.swift; sourceTree = "<group>"; };
		64E96BC524B62E46002FE68B /* Main.storyboard */ = {isa = PBXFileReference; fileEncoding = 4; lastKnownFileType = file.storyboard; name = Main.storyboard; path = ../../../../../../.Trash/Main.storyboard; sourceTree = "<group>"; };
/* End PBXFileReference section */

/* Begin PBXFrameworksBuildPhase section */
		64E96B9324B60B44002FE68B /* Frameworks */ = {
			isa = PBXFrameworksBuildPhase;
			buildActionMask = 2147483647;
			files = (
			);
			runOnlyForDeploymentPostprocessing = 0;
		};
/* End PBXFrameworksBuildPhase section */

/* Begin PBXGroup section */
		64E96B8D24B60B44002FE68B = {
			isa = PBXGroup;
			children = (
				64E96B9824B60B44002FE68B /* Calcu_Alex */,
				64E96B9724B60B44002FE68B /* Products */,
			);
			sourceTree = "<group>";
		};
		64E96B9724B60B44002FE68B /* Products */ = {
			isa = PBXGroup;
			children = (
				64E96B9624B60B44002FE68B /* Calcu_Alex.app */,
			);
			name = Products;
			sourceTree = "<group>";
		};
		64E96B9824B60B44002FE68B /* Calcu_Alex */ = {
			isa = PBXGroup;
			children = (
				64E96BC024B62D79002FE68B /* ViewController */,
				64E96BBE24B62D1F002FE68B /* Resources */,
				64E96BB824B62BF7002FE68B /* Model */,
				64E96BA424B60B45002FE68B /* LaunchScreen.storyboard */,
			);
			path = Calcu_Alex;
			sourceTree = "<group>";
		};
		64E96BB824B62BF7002FE68B /* Model */ = {
			isa = PBXGroup;
			children = (
				64E96BB424B61876002FE68B /* Calcu.swift */,
			);
			name = Model;
			sourceTree = "<group>";
		};
		64E96BBE24B62D1F002FE68B /* Resources */ = {
			isa = PBXGroup;
			children = (
				64E96B9924B60B44002FE68B /* AppDelegate.swift */,
				64E96B9B24B60B44002FE68B /* SceneDelegate.swift */,
				64E96BA224B60B45002FE68B /* Assets.xcassets */,
				64E96BA724B60B45002FE68B /* Info.plist */,
			);
			name = Resources;
			sourceTree = "<group>";
		};
		64E96BC024B62D79002FE68B /* ViewController */ = {
			isa = PBXGroup;
			children = (
				64E96BC224B62DBE002FE68B /* Test1 */,
				64E96BC124B62DB0002FE68B /* Main */,
			);
			name = ViewController;
			sourceTree = "<group>";
		};
		64E96BC124B62DB0002FE68B /* Main */ = {
			isa = PBXGroup;
			children = (
				64E96BC524B62E46002FE68B /* Main.storyboard */,
				64E96BC324B62E0D002FE68B /* ViewController.swift */,
			);
			name = Main;
			sourceTree = "<group>";
		};
		64E96BC224B62DBE002FE68B /* Test1 */ = {
			isa = PBXGroup;
			children = (
			);
			name = Test1;
			sourceTree = "<group>";
		};
/* End PBXGroup section */

/* Begin PBXNativeTarget section */
		64E96B9524B60B44002FE68B /* Calcu_Alex */ = {
			isa = PBXNativeTarget;
			buildConfigurationList = 64E96BAA24B60B45002FE68B /* Build configuration list for PBXNativeTarget "Calcu_Alex" */;
			buildPhases = (
				64E96B9224B60B44002FE68B /* Sources */,
				64E96B9324B60B44002FE68B /* Frameworks */,
				64E96B9424B60B44002FE68B /* Resources */,
			);
			buildRules = (
			);
			dependencies = (
			);
			name = Calcu_Alex;
			productName = Calcu_Alex;
			productReference = 64E96B9624B60B44002FE68B /* Calcu_Alex.app */;
			productType = "com.apple.product-type.application";
		};
/* End PBXNativeTarget section */

/* Begin PBXProject section */
		64E96B8E24B60B44002FE68B /* Project object */ = {
			isa = PBXProject;
			attributes = {
				LastSwiftUpdateCheck = 1150;
				LastUpgradeCheck = 1150;
				ORGANIZATIONNAME = manuel;
				TargetAttributes = {
					64E96B9524B60B44002FE68B = {
						CreatedOnToolsVersion = 11.5;
					};
				};
			};
			buildConfigurationList = 64E96B9124B60B44002FE68B /* Build configuration list for PBXProject "Calcu_Alex" */;
			compatibilityVersion = "Xcode 9.3";
			developmentRegion = en;
			hasScannedForEncodings = 0;
			knownRegions = (
				en,
				Base,
			);
			mainGroup = 64E96B8D24B60B44002FE68B;
			productRefGroup = 64E96B9724B60B44002FE68B /* Products */;
			projectDirPath = "";
			projectRoot = "";
			targets = (
				64E96B9524B60B44002FE68B /* Calcu_Alex */,
			);
		};
/* End PBXProject section */

/* Begin PBXResourcesBuildPhase section */
		64E96B9424B60B44002FE68B /* Resources */ = {
			isa = PBXResourcesBuildPhase;
			buildActionMask = 2147483647;
			files = (
				64E96BC624B62E46002FE68B /* Main.storyboard in Resources */,
				64E96BA624B60B45002FE68B /* LaunchScreen.storyboard in Resources */,
				64E96BA324B60B45002FE68B /* Assets.xcassets in Resources */,
			);
			runOnlyForDeploymentPostprocessing = 0;
		};
/* End PBXResourcesBuildPhase section */

/* Begin PBXSourcesBuildPhase section */
		64E96B9224B60B44002FE68B /* Sources */ = {
			isa = PBXSourcesBuildPhase;
			buildActionMask = 2147483647;
			files = (
				64E96BB524B61876002FE68B /* Calcu.swift in Sources */,
				64E96B9A24B60B44002FE68B /* AppDelegate.swift in Sources */,
				64E96BC424B62E0D002FE68B /* ViewController.swift in Sources */,
				64E96B9C24B60B44002FE68B /* SceneDelegate.swift in Sources */,
			);
			runOnlyForDeploymentPostprocessing = 0;
		};
/* End PBXSourcesBuildPhase section */

/* Begin PBXVariantGroup section */
		64E96BA424B60B45002FE68B /* LaunchScreen.storyboard */ = {
			isa = PBXVariantGroup;
			children = (
				64E96BA524B60B45002FE68B /* Base */,
			);
			name = LaunchScreen.storyboard;
			sourceTree = "<group>";
		};
/* End PBXVariantGroup section */

/* Begin XCBuildConfiguration section */
		64E96BA824B60B45002FE68B /* Debug */ = {
			isa = XCBuildConfiguration;
			buildSettings = {
				ALWAYS_SEARCH_USER_PATHS = NO;
				CLANG_ANALYZER_NONNULL = YES;
				CLANG_ANALYZER_NUMBER_OBJECT_CONVERSION = YES_AGGRESSIVE;
				CLANG_CXX_LANGUAGE_STANDARD = "gnu++14";
				CLANG_CXX_LIBRARY = "libc++";
				CLANG_ENABLE_MODULES = YES;
				CLANG_ENABLE_OBJC_ARC = YES;
				CLANG_ENABLE_OBJC_WEAK = YES;
				CLANG_WARN_BLOCK_CAPTURE_AUTORELEASING = YES;
				CLANG_WARN_BOOL_CONVERSION = YES;
				CLANG_WARN_COMMA = YES;
				CLANG_WARN_CONSTANT_CONVERSION = YES;
				CLANG_WARN_DEPRECATED_OBJC_IMPLEMENTATIONS = YES;
				CLANG_WARN_DIRECT_OBJC_ISA_USAGE = YES_ERROR;
				CLANG_WARN_DOCUMENTATION_COMMENTS = YES;
				CLANG_WARN_EMPTY_BODY = YES;
				CLANG_WARN_ENUM_CONVERSION = YES;
				CLANG_WARN_INFINITE_RECURSION = YES;
				CLANG_WARN_INT_CONVERSION = YES;
				CLANG_WARN_NON_LITERAL_NULL_CONVERSION = YES;
				CLANG_WARN_OBJC_IMPLICIT_RETAIN_SELF = YES;
				CLANG_WARN_OBJC_LITERAL_CONVERSION = YES;
				CLANG_WARN_OBJC_ROOT_CLASS = YES_ERROR;
				CLANG_WARN_RANGE_LOOP_ANALYSIS = YES;
				CLANG_WARN_STRICT_PROTOTYPES = YES;
				CLANG_WARN_SUSPICIOUS_MOVE = YES;
				CLANG_WARN_UNGUARDED_AVAILABILITY = YES_AGGRESSIVE;
				CLANG_WARN_UNREACHABLE_CODE = YES;
				CLANG_WARN__DUPLICATE_METHOD_MATCH = YES;
				COPY_PHASE_STRIP = NO;
				DEBUG_INFORMATION_FORMAT = dwarf;
				ENABLE_STRICT_OBJC_MSGSEND = YES;
				ENABLE_TESTABILITY = YES;
				GCC_C_LANGUAGE_STANDARD = gnu11;
				GCC_DYNAMIC_NO_PIC = NO;
				GCC_NO_COMMON_BLOCKS = YES;
				GCC_OPTIMIZATION_LEVEL = 0;
				GCC_PREPROCESSOR_DEFINITIONS = (
					"DEBUG=1",
					"$(inherited)",
				);
				GCC_WARN_64_TO_32_BIT_CONVERSION = YES;
				GCC_WARN_ABOUT_RETURN_TYPE = YES_ERROR;
				GCC_WARN_UNDECLARED_SELECTOR = YES;
				GCC_WARN_UNINITIALIZED_AUTOS = YES_AGGRESSIVE;
				GCC_WARN_UNUSED_FUNCTION = YES;
				GCC_WARN_UNUSED_VARIABLE = YES;
				IPHONEOS_DEPLOYMENT_TARGET = 13.5;
				MTL_ENABLE_DEBUG_INFO = INCLUDE_SOURCE;
				MTL_FAST_MATH = YES;
				ONLY_ACTIVE_ARCH = YES;
				SDKROOT = iphoneos;
				SWIFT_ACTIVE_COMPILATION_CONDITIONS = DEBUG;
				SWIFT_OPTIMIZATION_LEVEL = "-Onone";
			};
			name = Debug;
		};
		64E96BA924B60B45002FE68B /* Release */ = {
			isa = XCBuildConfiguration;
			buildSettings = {
				ALWAYS_SEARCH_USER_PATHS = NO;
				CLANG_ANALYZER_NONNULL = YES;
				CLANG_ANALYZER_NUMBER_OBJECT_CONVERSION = YES_AGGRESSIVE;
				CLANG_CXX_LANGUAGE_STANDARD = "gnu++14";
				CLANG_CXX_LIBRARY = "libc++";
				CLANG_ENABLE_MODULES = YES;
				CLANG_ENABLE_OBJC_ARC = YES;
				CLANG_ENABLE_OBJC_WEAK = YES;
				CLANG_WARN_BLOCK_CAPTURE_AUTORELEASING = YES;
				CLANG_WARN_BOOL_CONVERSION = YES;
				CLANG_WARN_COMMA = YES;
				CLANG_WARN_CONSTANT_CONVERSION = YES;
				CLANG_WARN_DEPRECATED_OBJC_IMPLEMENTATIONS = YES;
				CLANG_WARN_DIRECT_OBJC_ISA_USAGE = YES_ERROR;
				CLANG_WARN_DOCUMENTATION_COMMENTS = YES;
				CLANG_WARN_EMPTY_BODY = YES;
				CLANG_WARN_ENUM_CONVERSION = YES;
				CLANG_WARN_INFINITE_RECURSION = YES;
				CLANG_WARN_INT_CONVERSION = YES;
				CLANG_WARN_NON_LITERAL_NULL_CONVERSION = YES;
				CLANG_WARN_OBJC_IMPLICIT_RETAIN_SELF = YES;
				CLANG_WARN_OBJC_LITERAL_CONVERSION = YES;
				CLANG_WARN_OBJC_ROOT_CLASS = YES_ERROR;
				CLANG_WARN_RANGE_LOOP_ANALYSIS = YES;
				CLANG_WARN_STRICT_PROTOTYPES = YES;
				CLANG_WARN_SUSPICIOUS_MOVE = YES;
				CLANG_WARN_UNGUARDED_AVAILABILITY = YES_AGGRESSIVE;
				CLANG_WARN_UNREACHABLE_CODE = YES;
				CLANG_WARN__DUPLICATE_METHOD_MATCH = YES;
				COPY_PHASE_STRIP = NO;
				DEBUG_INFORMATION_FORMAT = "dwarf-with-dsym";
				ENABLE_NS_ASSERTIONS = NO;
				ENABLE_STRICT_OBJC_MSGSEND = YES;
				GCC_C_LANGUAGE_STANDARD = gnu11;
				GCC_NO_COMMON_BLOCKS = YES;
				GCC_WARN_64_TO_32_BIT_CONVERSION = YES;
				GCC_WARN_ABOUT_RETURN_TYPE = YES_ERROR;
				GCC_WARN_UNDECLARED_SELECTOR = YES;
				GCC_WARN_UNINITIALIZED_AUTOS = YES_AGGRESSIVE;
				GCC_WARN_UNUSED_FUNCTION = YES;
				GCC_WARN_UNUSED_VARIABLE = YES;
				IPHONEOS_DEPLOYMENT_TARGET = 13.5;
				MTL_ENABLE_DEBUG_INFO = NO;
				MTL_FAST_MATH = YES;
				SDKROOT = iphoneos;
				SWIFT_COMPILATION_MODE = wholemodule;
				SWIFT_OPTIMIZATION_LEVEL = "-O";
				VALIDATE_PRODUCT = YES;
			};
			name = Release;
		};
		64E96BAB24B60B45002FE68B /* Debug */ = {
			isa = XCBuildConfiguration;
			buildSettings = {
				ASSETCATALOG_COMPILER_APPICON_NAME = AppIcon;
				CODE_SIGN_STYLE = Automatic;
				DEVELOPMENT_TEAM = 3TUBN322FS;
				INFOPLIST_FILE = Calcu_Alex/Info.plist;
				LD_RUNPATH_SEARCH_PATHS = (
					"$(inherited)",
					"@executable_path/Frameworks",
				);
				PRODUCT_BUNDLE_IDENTIFIER = "spinsoft.Calcu-Alex";
				PRODUCT_NAME = "$(TARGET_NAME)";
				SWIFT_VERSION = 5.0;
				TARGETED_DEVICE_FAMILY = "1,2";
			};
			name = Debug;
		};
		64E96BAC24B60B45002FE68B /* Release */ = {
			isa = XCBuildConfiguration;
			buildSettings = {
				ASSETCATALOG_COMPILER_APPICON_NAME = AppIcon;
				CODE_SIGN_STYLE = Automatic;
				DEVELOPMENT_TEAM = 3TUBN322FS;
				INFOPLIST_FILE = Calcu_Alex/Info.plist;
				LD_RUNPATH_SEARCH_PATHS = (
					"$(inherited)",
					"@executable_path/Frameworks",
				);
				PRODUCT_BUNDLE_IDENTIFIER = "spinsoft.Calcu-Alex";
				PRODUCT_NAME = "$(TARGET_NAME)";
				SWIFT_VERSION = 5.0;
				TARGETED_DEVICE_FAMILY = "1,2";
			};
			name = Release;
		};
/* End XCBuildConfiguration section */

/* Begin XCConfigurationList section */
		64E96B9124B60B44002FE68B /* Build configuration list for PBXProject "Calcu_Alex" */ = {
			isa = XCConfigurationList;
			buildConfigurations = (
				64E96BA824B60B45002FE68B /* Debug */,
				64E96BA924B60B45002FE68B /* Release */,
			);
			defaultConfigurationIsVisible = 0;
			defaultConfigurationName = Release;
		};
		64E96BAA24B60B45002FE68B /* Build configuration list for PBXNativeTarget "Calcu_Alex" */ = {
			isa = XCConfigurationList;
			buildConfigurations = (
				64E96BAB24B60B45002FE68B /* Debug */,
				64E96BAC24B60B45002FE68B /* Release */,
			);
			defaultConfigurationIsVisible = 0;
			defaultConfigurationName = Release;
		};
/* End XCConfigurationList section */
	};
	rootObject = 64E96B8E24B60B44002FE68B /* Project object */;
}
